# This file is @generated by PDM.
# It is not intended for manual editing.

[metadata]
groups = ["default"]
strategy = ["inherit_metadata"]
lock_version = "4.5.0"
content_hash = "sha256:5f1bb09768ae247788483c29070137797b0b950c9133154afde70dd03b6e3a87"

[[metadata.targets]]
requires_python = "==3.9.*"

[[package]]
name = "atomicwrites"
version = "1.4.1"
requires_python = ">=2.7, !=3.0.*, !=3.1.*, !=3.2.*, !=3.3.*"
summary = "Atomic file writes."
groups = ["default"]
marker = "sys_platform == \"win32\""
files = [
    {file = "atomicwrites-1.4.1.tar.gz", hash = "sha256:81b2c9071a49367a7f770170e5eec8cb66567cfbbc8c73d20ce5ca4a8d71cf11"},
]

[[package]]
name = "attrs"
version = "22.1.0"
requires_python = ">=3.5"
summary = "Classes Without Boilerplate"
groups = ["default"]
files = [
    {file = "attrs-22.1.0-py2.py3-none-any.whl", hash = "sha256:86efa402f67bf2df34f51a335487cf46b1ec130d02b8d39fd248abfd30da551c"},
    {file = "attrs-22.1.0.tar.gz", hash = "sha256:29adc2665447e5191d0e7c568fde78b21f9672d344281d0c6e1ab085429b22b6"},
]

[[package]]
name = "autopep8"
version = "1.6.0"
summary = "A tool that automatically formats Python code to conform to the PEP 8 style guide"
groups = ["default"]
dependencies = [
    "pycodestyle>=2.8.0",
    "toml",
]
files = [
    {file = "autopep8-1.6.0-py2.py3-none-any.whl", hash = "sha256:ed77137193bbac52d029a52c59bec1b0629b5a186c495f1eb21b126ac466083f"},
    {file = "autopep8-1.6.0.tar.gz", hash = "sha256:44f0932855039d2c15c4510d6df665e4730f2b8582704fa48f9c55bd3e17d979"},
]

[[package]]
name = "beniget"
version = "0.4.1"
requires_python = ">=2.7, !=3.0.*, !=3.1.*, !=3.2.*, !=3.3.*"
summary = "Extract semantic information about static Python code"
groups = ["default"]
dependencies = [
    "gast~=0.5.0",
]
files = [
    {file = "beniget-0.4.1-py3-none-any.whl", hash = "sha256:cb061256631313f9d06031b824f7f403baecaf609b2d3d14d43f23356cf143f2"},
    {file = "beniget-0.4.1.tar.gz", hash = "sha256:75554b3b8ad0553ce2f607627dad3d95c60c441189875b98e097528f8e23ac0c"},
]

[[package]]
name = "colorama"
version = "0.4.5"
requires_python = ">=2.7, !=3.0.*, !=3.1.*, !=3.2.*, !=3.3.*, !=3.4.*"
summary = "Cross-platform colored terminal text."
groups = ["default"]
marker = "sys_platform == \"win32\""
files = [
    {file = "colorama-0.4.5-py2.py3-none-any.whl", hash = "sha256:854bf444933e37f5824ae7bfc1e98d5bce2ebe4160d46b5edf346a89358e99da"},
    {file = "colorama-0.4.5.tar.gz", hash = "sha256:e6c6b4334fc50988a639d9b98aa429a0b57da6e17b9a44f0451f930b6967b7a4"},
]

[[package]]
name = "gast"
version = "0.5.3"
requires_python = ">=2.7, !=3.0.*, !=3.1.*, !=3.2.*, !=3.3.*"
summary = "Python AST that abstracts the underlying Python version"
groups = ["default"]
files = [
    {file = "gast-0.5.3-py3-none-any.whl", hash = "sha256:211aac1e58c167b25d3504998f2db694454a24bb1fb1225bce99420166f21d6a"},
    {file = "gast-0.5.3.tar.gz", hash = "sha256:cfbea25820e653af9c7d1807f659ce0a0a9c64f2439421a7bba4f0983f532dea"},
]

[[package]]
name = "h5py"
version = "3.7.0"
requires_python = ">=3.7"
summary = "Read and write HDF5 files from Python"
groups = ["default"]
dependencies = [
    "numpy>=1.14.5",
]
files = [
    {file = "h5py-3.7.0-cp39-cp39-macosx_10_9_x86_64.whl", hash = "sha256:f084bbe816907dfe59006756f8f2d16d352faff2d107f4ffeb1d8de126fc5dc7"},
    {file = "h5py-3.7.0-cp39-cp39-macosx_11_0_arm64.whl", hash = "sha256:1fcb11a2dc8eb7ddcae08afd8fae02ba10467753a857fa07a404d700a93f3d53"},
    {file = "h5py-3.7.0-cp39-cp39-manylinux_2_12_x86_64.manylinux2010_x86_64.whl", hash = "sha256:ed43e2cc4f511756fd664fb45d6b66c3cbed4e3bd0f70e29c37809b2ae013c44"},
    {file = "h5py-3.7.0-cp39-cp39-manylinux_2_17_aarch64.manylinux2014_aarch64.whl", hash = "sha256:9e7535df5ee3dc3e5d1f408fdfc0b33b46bc9b34db82743c82cd674d8239b9ad"},
    {file = "h5py-3.7.0-cp39-cp39-win_amd64.whl", hash = "sha256:9e2ad2aa000f5b1e73b5dfe22f358ca46bf1a2b6ca394d9659874d7fc251731a"},
    {file = "h5py-3.7.0.tar.gz", hash = "sha256:3fcf37884383c5da64846ab510190720027dca0768def34dd8dcb659dbe5cbf3"},
]

[[package]]
name = "iniconfig"
version = "1.1.1"
summary = "iniconfig: brain-dead simple config-ini parsing"
groups = ["default"]
files = [
    {file = "iniconfig-1.1.1-py2.py3-none-any.whl", hash = "sha256:011e24c64b7f47f6ebd835bb12a743f2fbe9a26d4cecaa7f53bc4f35ee9da8b3"},
    {file = "iniconfig-1.1.1.tar.gz", hash = "sha256:bc3af051d7d14b2ee5ef9969666def0cd1a000e121eaea580d4a313df4b37f32"},
]

[[package]]
name = "numpy"
version = "1.22.0"
requires_python = ">=3.8"
summary = "NumPy is the fundamental package for array computing with Python."
groups = ["default"]
files = [
    {file = "numpy-1.22.0-cp39-cp39-macosx_10_9_universal2.whl", hash = "sha256:76ba7c40e80f9dc815c5e896330700fd6e20814e69da9c1267d65a4d051080f1"},
    {file = "numpy-1.22.0-cp39-cp39-macosx_10_9_x86_64.whl", hash = "sha256:0cfe07133fd00b27edee5e6385e333e9eeb010607e8a46e1cd673f05f8596595"},
    {file = "numpy-1.22.0-cp39-cp39-macosx_11_0_arm64.whl", hash = "sha256:6ed0d073a9c54ac40c41a9c2d53fcc3d4d4ed607670b9e7b0de1ba13b4cbfe6f"},
    {file = "numpy-1.22.0-cp39-cp39-manylinux_2_17_aarch64.manylinux2014_aarch64.whl", hash = "sha256:41388e32e40b41dd56eb37fcaa7488b2b47b0adf77c66154d6b89622c110dfe9"},
    {file = "numpy-1.22.0-cp39-cp39-manylinux_2_17_x86_64.manylinux2014_x86_64.whl", hash = "sha256:b55b953a1bdb465f4dc181758570d321db4ac23005f90ffd2b434cc6609a63dd"},
    {file = "numpy-1.22.0-cp39-cp39-win32.whl", hash = "sha256:5a311ee4d983c487a0ab546708edbdd759393a3dc9cd30305170149fedd23c88"},
    {file = "numpy-1.22.0-cp39-cp39-win_amd64.whl", hash = "sha256:a97a954a8c2f046d3817c2bce16e3c7e9a9c2afffaf0400f5c16df5172a67c9c"},
    {file = "numpy-1.22.0.zip", hash = "sha256:a955e4128ac36797aaffd49ab44ec74a71c11d6938df83b1285492d277db5397"},
]

[[package]]
name = "packaging"
version = "21.3"
requires_python = ">=3.6"
summary = "Core utilities for Python packages"
groups = ["default"]
dependencies = [
    "pyparsing!=3.0.5,>=2.0.2",
]
files = [
    {file = "packaging-21.3-py3-none-any.whl", hash = "sha256:ef103e05f519cdc783ae24ea4e2e0f508a9c99b2d4969652eed6a2e1ea5bd522"},
    {file = "packaging-21.3.tar.gz", hash = "sha256:dd47c42927d89ab911e606518907cc2d3a1f38bbd026385970643f9c5b8ecfeb"},
]

[[package]]
name = "pluggy"
version = "1.0.0"
requires_python = ">=3.6"
summary = "plugin and hook calling mechanisms for python"
groups = ["default"]
dependencies = [
    "importlib-metadata>=0.12; python_version < \"3.8\"",
]
files = [
    {file = "pluggy-1.0.0-py2.py3-none-any.whl", hash = "sha256:74134bbf457f031a36d68416e1509f34bd5ccc019f0bcc952c7b909d06b37bd3"},
    {file = "pluggy-1.0.0.tar.gz", hash = "sha256:4224373bacce55f955a878bf9cfa763c1e360858e330072059e10bad68531159"},
]

[[package]]
name = "ply"
version = "3.11"
summary = "Python Lex & Yacc"
groups = ["default"]
files = [
    {file = "ply-3.11-py2.py3-none-any.whl", hash = "sha256:096f9b8350b65ebd2fd1346b12452efe5b9607f7482813ffca50c22722a807ce"},
    {file = "ply-3.11.tar.gz", hash = "sha256:00c7c1aaa88358b9c765b6d3000c6eec0ba42abca5351b095321aef446081da3"},
]

[[package]]
name = "py"
version = "1.11.0"
requires_python = ">=2.7, !=3.0.*, !=3.1.*, !=3.2.*, !=3.3.*, !=3.4.*"
summary = "library with cross-python path, ini-parsing, io, code, log facilities"
groups = ["default"]
files = [
    {file = "py-1.11.0-py2.py3-none-any.whl", hash = "sha256:607c53218732647dff4acdfcd50cb62615cedf612e72d1724fb1a0cc6405b378"},
    {file = "py-1.11.0.tar.gz", hash = "sha256:51c75c4126074b472f746a24399ad32f6053d1b34b68d2fa41e558e6f4a98719"},
]

[[package]]
name = "pycodestyle"
version = "2.9.0"
requires_python = ">=3.6"
summary = "Python style guide checker"
groups = ["default"]
files = [
    {file = "pycodestyle-2.9.0-py2.py3-none-any.whl", hash = "sha256:289cdc0969d589d90752582bef6dff57c5fbc6949ee8b013ad6d6449a8ae9437"},
    {file = "pycodestyle-2.9.0.tar.gz", hash = "sha256:beaba44501f89d785be791c9462553f06958a221d166c64e1f107320f839acc2"},
]

[[package]]
name = "pyparsing"
version = "3.0.9"
requires_python = ">=3.6.8"
summary = "pyparsing module - Classes and methods to define and execute parsing grammars"
groups = ["default"]
files = [
    {file = "pyparsing-3.0.9-py3-none-any.whl", hash = "sha256:5026bae9a10eeaefb61dab2f09052b9f4307d44aee4eda64b309723d8d206bbc"},
    {file = "pyparsing-3.0.9.tar.gz", hash = "sha256:2b020ecf7d21b687f219b71ecad3631f644a47f01403fa1d1036b0c6416d70fb"},
]

[[package]]
name = "pytest"
version = "7.1.2"
requires_python = ">=3.7"
summary = "pytest: simple powerful testing with Python"
groups = ["default"]
dependencies = [
    "atomicwrites>=1.0; sys_platform == \"win32\"",
    "attrs>=19.2.0",
    "colorama; sys_platform == \"win32\"",
    "importlib-metadata>=0.12; python_version < \"3.8\"",
    "iniconfig",
    "packaging",
    "pluggy<2.0,>=0.12",
    "py>=1.8.2",
    "tomli>=1.0.0",
]
files = [
    {file = "pytest-7.1.2-py3-none-any.whl", hash = "sha256:13d0e3ccfc2b6e26be000cb6568c832ba67ba32e719443bfe725814d3c42433c"},
    {file = "pytest-7.1.2.tar.gz", hash = "sha256:a06a0425453864a270bc45e71f783330a7428defb4230fb5e6a731fde06ecd45"},
]

[[package]]
name = "pythran"
version = "0.11.0"
summary = "Ahead of Time compiler for numeric kernels"
groups = ["default"]
dependencies = [
    "beniget~=0.4.0",
    "gast~=0.5.0",
    "numpy",
    "ply>=3.4",
]
files = [
    {file = "pythran-0.11.0-py3-none-any.whl", hash = "sha256:8fea162e6096c6a3d45613a9a5389db739bf78805e713f853c9fcc7113ab9369"},
    {file = "pythran-0.11.0.tar.gz", hash = "sha256:0b2cba712e09f7630879dff69f268460bfe34a6d6000451b47d598558a92a875"},
]

[[package]]
name = "toml"
version = "0.10.2"
requires_python = ">=2.6, !=3.0.*, !=3.1.*, !=3.2.*"
summary = "Python Library for Tom's Obvious, Minimal Language"
groups = ["default"]
files = [
    {file = "toml-0.10.2-py2.py3-none-any.whl", hash = "sha256:806143ae5bfb6a3c6e736a764057db0e6a0e05e338b5630894a5f779cabb4f9b"},
    {file = "toml-0.10.2.tar.gz", hash = "sha256:b3bda1d108d5dd99f4a20d24d9c348e91c4db7ab1b749200bded2f839ccbe68f"},
]

[[package]]
name = "tomli"
version = "2.0.1"
requires_python = ">=3.7"
summary = "A lil' TOML parser"
groups = ["default"]
files = [
    {file = "tomli-2.0.1-py3-none-any.whl", hash = "sha256:939de3e7a6161af0c887ef91b7d41a53e7c5a1ca976325f429cb46ea9bc30ecc"},
    {file = "tomli-2.0.1.tar.gz", hash = "sha256:de526c12914f0c550d15924c62d72abc48d6fe7364aa87328337a31007fe8a4f"},
]

[[package]]
name = "transonic"
version = "0.4.12"
requires_python = ">=3.6"
summary = "Make your Python code fly at transonic speeds!"
groups = ["default"]
dependencies = [
    "astunparse>=1.6.3; python_version < \"3.9\"",
    "autopep8",
    "beniget~=0.4.0",
    "gast~=0.5.0",
    "numpy",
]
files = [
    {file = "transonic-0.4.12-py3-none-any.whl", hash = "sha256:75671b7a9e8870306f96b8d32fce4e8cc1d0e42b214968a2a2a64bfcffeb0a8b"},
    {file = "transonic-0.4.12.tar.gz", hash = "sha256:09b0758f7af1a1e18088109b4d12b987e2edab9d17e07a1ccfbcd032e202fcd2"},
]
